
Microsoft Visual Studio Solution File, Format Version 12.00
# Visual Studio Version 17
VisualStudioVersion = 17.0.31903.59
MinimumVisualStudioVersion = 10.0.40219.1
Project("{2150E333-8FDC-42A3-9474-1A3956D46DE8}") = "WebUI", "WebUI", "{3A740F06-0B97-41F3-9473-4463A07AEEB5}"
EndProject
Project("{9A19103F-16F7-4668-BE54-9A1E7A4F7556}") = "WebCrawler.UI", "WebUI\WebCrawler.UI\WebCrawler.UI.csproj", "{C79B6102-7840-4386-BC13-19B259E14102}"
EndProject
Project("{2150E333-8FDC-42A3-9474-1A3956D46DE8}") = "Crawler", "Crawler", "{83FA2E3A-FE80-4269-9D86-21483B54F407}"
EndProject
Project("{9A19103F-16F7-4668-BE54-9A1E7A4F7556}") = "WebCrawler.Application", "Crawler\WebCrawler.Application\WebCrawler.Application.csproj", "{CDA926DA-0246-40D6-A526-EA853A19C40F}"
EndProject
Project("{9A19103F-16F7-4668-BE54-9A1E7A4F7556}") = "WebCrawler.Core", "Crawler\WebCrawler.Core\WebCrawler.Core.csproj", "{02309B22-A4FE-4366-AA61-D3C6AC0292AF}"
EndProject
Global
	GlobalSection(SolutionConfigurationPlatforms) = preSolution
		Debug|Any CPU = Debug|Any CPU
		Release|Any CPU = Release|Any CPU
	EndGlobalSection
	GlobalSection(ProjectConfigurationPlatforms) = postSolution
		{C79B6102-7840-4386-BC13-19B259E14102}.Debug|Any CPU.ActiveCfg = Debug|Any CPU
		{C79B6102-7840-4386-BC13-19B259E14102}.Debug|Any CPU.Build.0 = Debug|Any CPU
		{C79B6102-7840-4386-BC13-19B259E14102}.Release|Any CPU.ActiveCfg = Release|Any CPU
		{C79B6102-7840-4386-BC13-19B259E14102}.Release|Any CPU.Build.0 = Release|Any CPU
		{CDA926DA-0246-40D6-A526-EA853A19C40F}.Debug|Any CPU.ActiveCfg = Debug|Any CPU
		{CDA926DA-0246-40D6-A526-EA853A19C40F}.Debug|Any CPU.Build.0 = Debug|Any CPU
		{CDA926DA-0246-40D6-A526-EA853A19C40F}.Release|Any CPU.ActiveCfg = Release|Any CPU
		{CDA926DA-0246-40D6-A526-EA853A19C40F}.Release|Any CPU.Build.0 = Release|Any CPU
		{02309B22-A4FE-4366-AA61-D3C6AC0292AF}.Debug|Any CPU.ActiveCfg = Debug|Any CPU
		{02309B22-A4FE-4366-AA61-D3C6AC0292AF}.Debug|Any CPU.Build.0 = Debug|Any CPU
		{02309B22-A4FE-4366-AA61-D3C6AC0292AF}.Release|Any CPU.ActiveCfg = Release|Any CPU
		{02309B22-A4FE-4366-AA61-D3C6AC0292AF}.Release|Any CPU.Build.0 = Release|Any CPU
	EndGlobalSection
	GlobalSection(SolutionProperties) = preSolution
		HideSolutionNode = FALSE
	EndGlobalSection
	GlobalSection(NestedProjects) = preSolution
		{C79B6102-7840-4386-BC13-19B259E14102} = {3A740F06-0B97-41F3-9473-4463A07AEEB5}
		{CDA926DA-0246-40D6-A526-EA853A19C40F} = {83FA2E3A-FE80-4269-9D86-21483B54F407}
		{02309B22-A4FE-4366-AA61-D3C6AC0292AF} = {83FA2E3A-FE80-4269-9D86-21483B54F407}
	EndGlobalSection
	GlobalSection(ExtensibilityGlobals) = postSolution
		SolutionGuid = {99CC776A-0915-427A-A93F-7051EE85BA38}
	EndGlobalSection
EndGlobal
